
Microsoft Visual Studio Solution File, Format Version 12.00
# Visual Studio 15
VisualStudioVersion = 15.0.26430.14
MinimumVisualStudioVersion = 10.0.40219.1
Project("{FAE04EC0-301F-11D3-BF4B-00C04F79EFBC}") = "OnlineCourt2017", "OnlineCourt2017\OnlineCourt2017.csproj", "{1673051D-776E-42B1-A495-F137ABAD77C4}"
EndProject
Project("{FAE04EC0-301F-11D3-BF4B-00C04F79EFBC}") = "OnlineCourt2017.Data", "OnlineCourt2017.Data\OnlineCourt2017.Data.csproj", "{E2A9DE39-C945-40D8-B154-523685D8D497}"
EndProject
Global
	GlobalSection(SolutionConfigurationPlatforms) = preSolution
		Debug|Any CPU = Debug|Any CPU
		Release|Any CPU = Release|Any CPU
	EndGlobalSection
	GlobalSection(ProjectConfigurationPlatforms) = postSolution
		{1673051D-776E-42B1-A495-F137ABAD77C4}.Debug|Any CPU.ActiveCfg = Debug|Any CPU
		{1673051D-776E-42B1-A495-F137ABAD77C4}.Debug|Any CPU.Build.0 = Debug|Any CPU
		{1673051D-776E-42B1-A495-F137ABAD77C4}.Release|Any CPU.ActiveCfg = Release|Any CPU
		{1673051D-776E-42B1-A495-F137ABAD77C4}.Release|Any CPU.Build.0 = Release|Any CPU
		{E2A9DE39-C945-40D8-B154-523685D8D497}.Debug|Any CPU.ActiveCfg = Debug|Any CPU
		{E2A9DE39-C945-40D8-B154-523685D8D497}.Debug|Any CPU.Build.0 = Debug|Any CPU
		{E2A9DE39-C945-40D8-B154-523685D8D497}.Release|Any CPU.ActiveCfg = Release|Any CPU
		{E2A9DE39-C945-40D8-B154-523685D8D497}.Release|Any CPU.Build.0 = Release|Any CPU
	EndGlobalSection
	GlobalSection(SolutionProperties) = preSolution
		HideSolutionNode = FALSE
	EndGlobalSection
	GlobalSection(TeamFoundationVersionControl) = preSolution
		SccNumberOfProjects = 3
		SccEnterpriseProvider = {4CA58AB2-18FA-4F8D-95D4-32DDF27D184C}
		SccTeamFoundationServer = https://dwf3sixty.visualstudio.com/
		SccLocalPath0 = .
		SccProjectUniqueName1 = OnlineCourt2017\\OnlineCourt2017.csproj
		SccProjectName1 = OnlineCourt2017
		SccLocalPath1 = OnlineCourt2017
		SccProjectUniqueName2 = OnlineCourt2017.Data\\OnlineCourt2017.Data.csproj
		SccProjectName2 = OnlineCourt2017.Data
		SccLocalPath2 = OnlineCourt2017.Data
	EndGlobalSection
EndGlobal
